
Microsoft Visual Studio Solution File, Format Version 12.00
# Visual Studio 14
VisualStudioVersion = 14.0.25123.0
MinimumVisualStudioVersion = 10.0.40219.1
Project("{FAE04EC0-301F-11D3-BF4B-00C04F79EFBC}") = "MiniMvc", "MiniMvc\MiniMvc.csproj", "{E8D46031-466F-450D-A67F-A2C9A7E36504}"
EndProject
Project("{FAE04EC0-301F-11D3-BF4B-00C04F79EFBC}") = "Mvc", "Mvc\Mvc.csproj", "{738A08E0-3833-48A7-B142-E34A56FAAA48}"
EndProject
Project("{FAE04EC0-301F-11D3-BF4B-00C04F79EFBC}") = "Unity", "Unity\Unity.csproj", "{90A12C24-67C6-4449-B8FC-4D340A01080C}"
EndProject
Global
	GlobalSection(SolutionConfigurationPlatforms) = preSolution
		Debug|Any CPU = Debug|Any CPU
		Release|Any CPU = Release|Any CPU
	EndGlobalSection
	GlobalSection(ProjectConfigurationPlatforms) = postSolution
		{E8D46031-466F-450D-A67F-A2C9A7E36504}.Debug|Any CPU.ActiveCfg = Debug|Any CPU
		{E8D46031-466F-450D-A67F-A2C9A7E36504}.Debug|Any CPU.Build.0 = Debug|Any CPU
		{E8D46031-466F-450D-A67F-A2C9A7E36504}.Release|Any CPU.ActiveCfg = Release|Any CPU
		{E8D46031-466F-450D-A67F-A2C9A7E36504}.Release|Any CPU.Build.0 = Release|Any CPU
		{738A08E0-3833-48A7-B142-E34A56FAAA48}.Debug|Any CPU.ActiveCfg = Debug|Any CPU
		{738A08E0-3833-48A7-B142-E34A56FAAA48}.Debug|Any CPU.Build.0 = Debug|Any CPU
		{738A08E0-3833-48A7-B142-E34A56FAAA48}.Release|Any CPU.ActiveCfg = Release|Any CPU
		{738A08E0-3833-48A7-B142-E34A56FAAA48}.Release|Any CPU.Build.0 = Release|Any CPU
		{90A12C24-67C6-4449-B8FC-4D340A01080C}.Debug|Any CPU.ActiveCfg = Debug|Any CPU
		{90A12C24-67C6-4449-B8FC-4D340A01080C}.Debug|Any CPU.Build.0 = Debug|Any CPU
		{90A12C24-67C6-4449-B8FC-4D340A01080C}.Release|Any CPU.ActiveCfg = Release|Any CPU
		{90A12C24-67C6-4449-B8FC-4D340A01080C}.Release|Any CPU.Build.0 = Release|Any CPU
	EndGlobalSection
	GlobalSection(SolutionProperties) = preSolution
		HideSolutionNode = FALSE
	EndGlobalSection
EndGlobal
